
Microsoft Visual Studio Solution File, Format Version 12.00
# Visual Studio Version 17
VisualStudioVersion = 17.5.33516.290
MinimumVisualStudioVersion = 10.0.40219.1
Project("{8BC9CEB8-8B4A-11D0-8D11-00A0C91BC942}") = "Lecture05", "Lecture05\Lecture05.vcxproj", "{21EFE79E-6702-4372-8948-61F4106CFDA8}"
EndProject
Project("{8BC9CEB8-8B4A-11D0-8D11-00A0C91BC942}") = "Lecture05-2", "Lecture05-2\Lecture05-2.vcxproj", "{1C5911F9-EEFA-45E5-BD08-A7B9C764207A}"
EndProject
Project("{8BC9CEB8-8B4A-11D0-8D11-00A0C91BC942}") = "Lecture06", "Lecture06\Lecture06.vcxproj", "{2538C5C9-7B00-44D8-9975-8253E0BBA646}"
EndProject
Project("{8BC9CEB8-8B4A-11D0-8D11-00A0C91BC942}") = "Lecture06_2", "Lecture06_2\Lecture06_2.vcxproj", "{10C75518-31C0-4CAD-8BF4-385D8CDD6716}"
EndProject
Project("{8BC9CEB8-8B4A-11D0-8D11-00A0C91BC942}") = "Lecture06_3", "Lecture06_3\Lecture06_3.vcxproj", "{7BDF6D32-DEAF-4FA0-ACE3-2286D44B0BF1}"
EndProject
Project("{8BC9CEB8-8B4A-11D0-8D11-00A0C91BC942}") = "Lecture11", "Lecture11\Lecture11.vcxproj", "{8DE3B873-AB00-42F3-8C73-B53D4572E034}"
EndProject
Project("{8BC9CEB8-8B4A-11D0-8D11-00A0C91BC942}") = "Lecture11_2", "Lecture11_2\Lecture11_2.vcxproj", "{2EB4D1F3-2151-4C01-9EEA-409F9237172D}"
EndProject
Project("{8BC9CEB8-8B4A-11D0-8D11-00A0C91BC942}") = "Lecture11_3", "Lecture11_3\Lecture11_3.vcxproj", "{ED6F133E-9643-4DD9-854E-C52ADE791DB2}"
EndProject
Project("{8BC9CEB8-8B4A-11D0-8D11-00A0C91BC942}") = "Lecutre12", "Lecutre12\Lecutre12.vcxproj", "{D5E0E580-D8B4-46BA-815F-81E0D0E83A18}"
EndProject
Project("{8BC9CEB8-8B4A-11D0-8D11-00A0C91BC942}") = "Lecture12_2", "Lecture12_1\Lecture12_1.vcxproj", "{6F4F396C-084A-4FD3-9758-ADBF1968C10C}"
EndProject
Global
	GlobalSection(SolutionConfigurationPlatforms) = preSolution
		Debug|x64 = Debug|x64
		Debug|x86 = Debug|x86
		Release|x64 = Release|x64
		Release|x86 = Release|x86
	EndGlobalSection
	GlobalSection(ProjectConfigurationPlatforms) = postSolution
		{21EFE79E-6702-4372-8948-61F4106CFDA8}.Debug|x64.ActiveCfg = Debug|x64
		{21EFE79E-6702-4372-8948-61F4106CFDA8}.Debug|x64.Build.0 = Debug|x64
		{21EFE79E-6702-4372-8948-61F4106CFDA8}.Debug|x86.ActiveCfg = Debug|Win32
		{21EFE79E-6702-4372-8948-61F4106CFDA8}.Debug|x86.Build.0 = Debug|Win32
		{21EFE79E-6702-4372-8948-61F4106CFDA8}.Release|x64.ActiveCfg = Release|x64
		{21EFE79E-6702-4372-8948-61F4106CFDA8}.Release|x64.Build.0 = Release|x64
		{21EFE79E-6702-4372-8948-61F4106CFDA8}.Release|x86.ActiveCfg = Release|Win32
		{21EFE79E-6702-4372-8948-61F4106CFDA8}.Release|x86.Build.0 = Release|Win32
		{1C5911F9-EEFA-45E5-BD08-A7B9C764207A}.Debug|x64.ActiveCfg = Debug|x64
		{1C5911F9-EEFA-45E5-BD08-A7B9C764207A}.Debug|x64.Build.0 = Debug|x64
		{1C5911F9-EEFA-45E5-BD08-A7B9C764207A}.Debug|x86.ActiveCfg = Debug|Win32
		{1C5911F9-EEFA-45E5-BD08-A7B9C764207A}.Debug|x86.Build.0 = Debug|Win32
		{1C5911F9-EEFA-45E5-BD08-A7B9C764207A}.Release|x64.ActiveCfg = Release|x64
		{1C5911F9-EEFA-45E5-BD08-A7B9C764207A}.Release|x64.Build.0 = Release|x64
		{1C5911F9-EEFA-45E5-BD08-A7B9C764207A}.Release|x86.ActiveCfg = Release|Win32
		{1C5911F9-EEFA-45E5-BD08-A7B9C764207A}.Release|x86.Build.0 = Release|Win32
		{2538C5C9-7B00-44D8-9975-8253E0BBA646}.Debug|x64.ActiveCfg = Debug|x64
		{2538C5C9-7B00-44D8-9975-8253E0BBA646}.Debug|x64.Build.0 = Debug|x64
		{2538C5C9-7B00-44D8-9975-8253E0BBA646}.Debug|x86.ActiveCfg = Debug|Win32
		{2538C5C9-7B00-44D8-9975-8253E0BBA646}.Debug|x86.Build.0 = Debug|Win32
		{2538C5C9-7B00-44D8-9975-8253E0BBA646}.Release|x64.ActiveCfg = Release|x64
		{2538C5C9-7B00-44D8-9975-8253E0BBA646}.Release|x64.Build.0 = Release|x64
		{2538C5C9-7B00-44D8-9975-8253E0BBA646}.Release|x86.ActiveCfg = Release|Win32
		{2538C5C9-7B00-44D8-9975-8253E0BBA646}.Release|x86.Build.0 = Release|Win32
		{10C75518-31C0-4CAD-8BF4-385D8CDD6716}.Debug|x64.ActiveCfg = Debug|x64
		{10C75518-31C0-4CAD-8BF4-385D8CDD6716}.Debug|x64.Build.0 = Debug|x64
		{10C75518-31C0-4CAD-8BF4-385D8CDD6716}.Debug|x86.ActiveCfg = Debug|Win32
		{10C75518-31C0-4CAD-8BF4-385D8CDD6716}.Debug|x86.Build.0 = Debug|Win32
		{10C75518-31C0-4CAD-8BF4-385D8CDD6716}.Release|x64.ActiveCfg = Release|x64
		{10C75518-31C0-4CAD-8BF4-385D8CDD6716}.Release|x64.Build.0 = Release|x64
		{10C75518-31C0-4CAD-8BF4-385D8CDD6716}.Release|x86.ActiveCfg = Release|Win32
		{10C75518-31C0-4CAD-8BF4-385D8CDD6716}.Release|x86.Build.0 = Release|Win32
		{7BDF6D32-DEAF-4FA0-ACE3-2286D44B0BF1}.Debug|x64.ActiveCfg = Debug|x64
		{7BDF6D32-DEAF-4FA0-ACE3-2286D44B0BF1}.Debug|x64.Build.0 = Debug|x64
		{7BDF6D32-DEAF-4FA0-ACE3-2286D44B0BF1}.Debug|x86.ActiveCfg = Debug|Win32
		{7BDF6D32-DEAF-4FA0-ACE3-2286D44B0BF1}.Debug|x86.Build.0 = Debug|Win32
		{7BDF6D32-DEAF-4FA0-ACE3-2286D44B0BF1}.Release|x64.ActiveCfg = Release|x64
		{7BDF6D32-DEAF-4FA0-ACE3-2286D44B0BF1}.Release|x64.Build.0 = Release|x64
		{7BDF6D32-DEAF-4FA0-ACE3-2286D44B0BF1}.Release|x86.ActiveCfg = Release|Win32
		{7BDF6D32-DEAF-4FA0-ACE3-2286D44B0BF1}.Release|x86.Build.0 = Release|Win32
		{8DE3B873-AB00-42F3-8C73-B53D4572E034}.Debug|x64.ActiveCfg = Debug|x64
		{8DE3B873-AB00-42F3-8C73-B53D4572E034}.Debug|x64.Build.0 = Debug|x64
		{8DE3B873-AB00-42F3-8C73-B53D4572E034}.Debug|x86.ActiveCfg = Debug|Win32
		{8DE3B873-AB00-42F3-8C73-B53D4572E034}.Debug|x86.Build.0 = Debug|Win32
		{8DE3B873-AB00-42F3-8C73-B53D4572E034}.Release|x64.ActiveCfg = Release|x64
		{8DE3B873-AB00-42F3-8C73-B53D4572E034}.Release|x64.Build.0 = Release|x64
		{8DE3B873-AB00-42F3-8C73-B53D4572E034}.Release|x86.ActiveCfg = Release|Win32
		{8DE3B873-AB00-42F3-8C73-B53D4572E034}.Release|x86.Build.0 = Release|Win32
		{2EB4D1F3-2151-4C01-9EEA-409F9237172D}.Debug|x64.ActiveCfg = Debug|x64
		{2EB4D1F3-2151-4C01-9EEA-409F9237172D}.Debug|x64.Build.0 = Debug|x64
		{2EB4D1F3-2151-4C01-9EEA-409F9237172D}.Debug|x86.ActiveCfg = Debug|Win32
		{2EB4D1F3-2151-4C01-9EEA-409F9237172D}.Debug|x86.Build.0 = Debug|Win32
		{2EB4D1F3-2151-4C01-9EEA-409F9237172D}.Release|x64.ActiveCfg = Release|x64
		{2EB4D1F3-2151-4C01-9EEA-409F9237172D}.Release|x64.Build.0 = Release|x64
		{2EB4D1F3-2151-4C01-9EEA-409F9237172D}.Release|x86.ActiveCfg = Release|Win32
		{2EB4D1F3-2151-4C01-9EEA-409F9237172D}.Release|x86.Build.0 = Release|Win32
		{ED6F133E-9643-4DD9-854E-C52ADE791DB2}.Debug|x64.ActiveCfg = Debug|x64
		{ED6F133E-9643-4DD9-854E-C52ADE791DB2}.Debug|x64.Build.0 = Debug|x64
		{ED6F133E-9643-4DD9-854E-C52ADE791DB2}.Debug|x86.ActiveCfg = Debug|Win32
		{ED6F133E-9643-4DD9-854E-C52ADE791DB2}.Debug|x86.Build.0 = Debug|Win32
		{ED6F133E-9643-4DD9-854E-C52ADE791DB2}.Release|x64.ActiveCfg = Release|x64
		{ED6F133E-9643-4DD9-854E-C52ADE791DB2}.Release|x64.Build.0 = Release|x64
		{ED6F133E-9643-4DD9-854E-C52ADE791DB2}.Release|x86.ActiveCfg = Release|Win32
		{ED6F133E-9643-4DD9-854E-C52ADE791DB2}.Release|x86.Build.0 = Release|Win32
		{D5E0E580-D8B4-46BA-815F-81E0D0E83A18}.Debug|x64.ActiveCfg = Debug|x64
		{D5E0E580-D8B4-46BA-815F-81E0D0E83A18}.Debug|x64.Build.0 = Debug|x64
		{D5E0E580-D8B4-46BA-815F-81E0D0E83A18}.Debug|x86.ActiveCfg = Debug|Win32
		{D5E0E580-D8B4-46BA-815F-81E0D0E83A18}.Debug|x86.Build.0 = Debug|Win32
		{D5E0E580-D8B4-46BA-815F-81E0D0E83A18}.Release|x64.ActiveCfg = Release|x64
		{D5E0E580-D8B4-46BA-815F-81E0D0E83A18}.Release|x64.Build.0 = Release|x64
		{D5E0E580-D8B4-46BA-815F-81E0D0E83A18}.Release|x86.ActiveCfg = Release|Win32
		{D5E0E580-D8B4-46BA-815F-81E0D0E83A18}.Release|x86.Build.0 = Release|Win32
		{6F4F396C-084A-4FD3-9758-ADBF1968C10C}.Debug|x64.ActiveCfg = Debug|x64
		{6F4F396C-084A-4FD3-9758-ADBF1968C10C}.Debug|x64.Build.0 = Debug|x64
		{6F4F396C-084A-4FD3-9758-ADBF1968C10C}.Debug|x86.ActiveCfg = Debug|Win32
		{6F4F396C-084A-4FD3-9758-ADBF1968C10C}.Debug|x86.Build.0 = Debug|Win32
		{6F4F396C-084A-4FD3-9758-ADBF1968C10C}.Release|x64.ActiveCfg = Release|x64
		{6F4F396C-084A-4FD3-9758-ADBF1968C10C}.Release|x64.Build.0 = Release|x64
		{6F4F396C-084A-4FD3-9758-ADBF1968C10C}.Release|x86.ActiveCfg = Release|Win32
		{6F4F396C-084A-4FD3-9758-ADBF1968C10C}.Release|x86.Build.0 = Release|Win32
	EndGlobalSection
	GlobalSection(SolutionProperties) = preSolution
		HideSolutionNode = FALSE
	EndGlobalSection
	GlobalSection(ExtensibilityGlobals) = postSolution
		SolutionGuid = {765B069D-A23C-452C-95C1-F9ABA83A36D0}
	EndGlobalSection
EndGlobal
