
Microsoft Visual Studio Solution File, Format Version 12.00
# Visual Studio Version 17
VisualStudioVersion = 17.13.35919.96 d17.13
MinimumVisualStudioVersion = 10.0.40219.1
Project("{8BC9CEB8-8B4A-11D0-8D11-00A0C91BC942}") = "WP 25.05.15", "WP 25.05.15\WP 25.05.15.vcxproj", "{09DA2E7B-E416-45B4-9E61-BE3925E59B37}"
EndProject
Global
	GlobalSection(SolutionConfigurationPlatforms) = preSolution
		Debug|x64 = Debug|x64
		Debug|x86 = Debug|x86
		Release|x64 = Release|x64
		Release|x86 = Release|x86
	EndGlobalSection
	GlobalSection(ProjectConfigurationPlatforms) = postSolution
		{09DA2E7B-E416-45B4-9E61-BE3925E59B37}.Debug|x64.ActiveCfg = Debug|x64
		{09DA2E7B-E416-45B4-9E61-BE3925E59B37}.Debug|x64.Build.0 = Debug|x64
		{09DA2E7B-E416-45B4-9E61-BE3925E59B37}.Debug|x86.ActiveCfg = Debug|Win32
		{09DA2E7B-E416-45B4-9E61-BE3925E59B37}.Debug|x86.Build.0 = Debug|Win32
		{09DA2E7B-E416-45B4-9E61-BE3925E59B37}.Release|x64.ActiveCfg = Release|x64
		{09DA2E7B-E416-45B4-9E61-BE3925E59B37}.Release|x64.Build.0 = Release|x64
		{09DA2E7B-E416-45B4-9E61-BE3925E59B37}.Release|x86.ActiveCfg = Release|Win32
		{09DA2E7B-E416-45B4-9E61-BE3925E59B37}.Release|x86.Build.0 = Release|Win32
	EndGlobalSection
	GlobalSection(SolutionProperties) = preSolution
		HideSolutionNode = FALSE
	EndGlobalSection
	GlobalSection(ExtensibilityGlobals) = postSolution
		SolutionGuid = {FBA0824F-A546-496B-B4D8-B8C6AF7A4F8E}
	EndGlobalSection
EndGlobal
